
Microsoft Visual Studio Solution File, Format Version 12.00
# Visual Studio 15
VisualStudioVersion = 15.0.28010.3005
MinimumVisualStudioVersion = 10.0.40219.1
Project("{9A19103F-16F7-4668-BE54-9A1E7A4F7556}") = "Microsoft.VisualStudio.SDK.14.0", "src\14.0\Microsoft.VisualStudio.SDK.14.0.csproj", "{EB99906E-12F6-49BB-9BCE-13A7CC553E11}"
EndProject
Project("{9A19103F-16F7-4668-BE54-9A1E7A4F7556}") = "Microsoft.VisualStudio.SDK.14.3", "src\14.3\Microsoft.VisualStudio.SDK.14.3.csproj", "{95DDA418-97B1-41DD-87A7-FF6AC40AEA0F}"
EndProject
Project("{9A19103F-16F7-4668-BE54-9A1E7A4F7556}") = "Microsoft.VisualStudio.SDK.15.0", "src\15.0\Microsoft.VisualStudio.SDK.15.0.csproj", "{20028C39-BFD2-49DF-A7D8-6DE9CD5BDA43}"
EndProject
Project("{9A19103F-16F7-4668-BE54-9A1E7A4F7556}") = "Microsoft.VisualStudio.SDK.15.3", "src\15.3\Microsoft.VisualStudio.SDK.15.3.csproj", "{F16B7430-BAE5-4097-A662-48D5E9A2E3AB}"
EndProject
Project("{9A19103F-16F7-4668-BE54-9A1E7A4F7556}") = "Microsoft.VisualStudio.SDK.15.6", "src\15.6\Microsoft.VisualStudio.SDK.15.6.csproj", "{ABB1ABE9-7A01-41D5-BCE6-9A64A0360698}"
EndProject
Project("{9A19103F-16F7-4668-BE54-9A1E7A4F7556}") = "Microsoft.VisualStudio.SDK.15.7", "src\15.7\Microsoft.VisualStudio.SDK.15.7.csproj", "{F5D58DC6-DE7F-4BFE-90E1-37F812F3675F}"
EndProject
Project("{2150E333-8FDC-42A3-9474-1A3956D46DE8}") = "Solution Items", "Solution Items", "{8EF411AD-984E-49E6-83D2-414BC11557A7}"
	ProjectSection(SolutionItems) = preProject
		appveyor.yml = appveyor.yml
		src\Common.targets = src\Common.targets
		src\Madskristensen.VisualStudio.SDK.targets = src\Madskristensen.VisualStudio.SDK.targets
		README.md = README.md
	EndProjectSection
EndProject
Global
	GlobalSection(SolutionConfigurationPlatforms) = preSolution
		Debug|Any CPU = Debug|Any CPU
		Release|Any CPU = Release|Any CPU
	EndGlobalSection
	GlobalSection(ProjectConfigurationPlatforms) = postSolution
		{20028C39-BFD2-49DF-A7D8-6DE9CD5BDA43}.Debug|Any CPU.ActiveCfg = Debug|Any CPU
		{20028C39-BFD2-49DF-A7D8-6DE9CD5BDA43}.Debug|Any CPU.Build.0 = Debug|Any CPU
		{20028C39-BFD2-49DF-A7D8-6DE9CD5BDA43}.Release|Any CPU.ActiveCfg = Release|Any CPU
		{20028C39-BFD2-49DF-A7D8-6DE9CD5BDA43}.Release|Any CPU.Build.0 = Release|Any CPU
		{F5D58DC6-DE7F-4BFE-90E1-37F812F3675F}.Debug|Any CPU.ActiveCfg = Debug|Any CPU
		{F5D58DC6-DE7F-4BFE-90E1-37F812F3675F}.Debug|Any CPU.Build.0 = Debug|Any CPU
		{F5D58DC6-DE7F-4BFE-90E1-37F812F3675F}.Release|Any CPU.ActiveCfg = Release|Any CPU
		{F5D58DC6-DE7F-4BFE-90E1-37F812F3675F}.Release|Any CPU.Build.0 = Release|Any CPU
		{EB99906E-12F6-49BB-9BCE-13A7CC553E11}.Debug|Any CPU.ActiveCfg = Debug|Any CPU
		{EB99906E-12F6-49BB-9BCE-13A7CC553E11}.Debug|Any CPU.Build.0 = Debug|Any CPU
		{EB99906E-12F6-49BB-9BCE-13A7CC553E11}.Release|Any CPU.ActiveCfg = Release|Any CPU
		{EB99906E-12F6-49BB-9BCE-13A7CC553E11}.Release|Any CPU.Build.0 = Release|Any CPU
		{95DDA418-97B1-41DD-87A7-FF6AC40AEA0F}.Debug|Any CPU.ActiveCfg = Debug|Any CPU
		{95DDA418-97B1-41DD-87A7-FF6AC40AEA0F}.Debug|Any CPU.Build.0 = Debug|Any CPU
		{95DDA418-97B1-41DD-87A7-FF6AC40AEA0F}.Release|Any CPU.ActiveCfg = Release|Any CPU
		{95DDA418-97B1-41DD-87A7-FF6AC40AEA0F}.Release|Any CPU.Build.0 = Release|Any CPU
		{ABB1ABE9-7A01-41D5-BCE6-9A64A0360698}.Debug|Any CPU.ActiveCfg = Debug|Any CPU
		{ABB1ABE9-7A01-41D5-BCE6-9A64A0360698}.Debug|Any CPU.Build.0 = Debug|Any CPU
		{ABB1ABE9-7A01-41D5-BCE6-9A64A0360698}.Release|Any CPU.ActiveCfg = Release|Any CPU
		{ABB1ABE9-7A01-41D5-BCE6-9A64A0360698}.Release|Any CPU.Build.0 = Release|Any CPU
		{F16B7430-BAE5-4097-A662-48D5E9A2E3AB}.Debug|Any CPU.ActiveCfg = Debug|Any CPU
		{F16B7430-BAE5-4097-A662-48D5E9A2E3AB}.Debug|Any CPU.Build.0 = Debug|Any CPU
		{F16B7430-BAE5-4097-A662-48D5E9A2E3AB}.Release|Any CPU.ActiveCfg = Release|Any CPU
		{F16B7430-BAE5-4097-A662-48D5E9A2E3AB}.Release|Any CPU.Build.0 = Release|Any CPU
	EndGlobalSection
	GlobalSection(SolutionProperties) = preSolution
		HideSolutionNode = FALSE
	EndGlobalSection
	GlobalSection(ExtensibilityGlobals) = postSolution
		SolutionGuid = {564585F6-1188-4FAE-91B8-90D95A61D2FF}
	EndGlobalSection
EndGlobal
